{
  "version": 1,
  "dependencies": {
    "net10.0-windows10.0.19041": {
      "Hardcodet.NotifyIcon.Wpf": {
        "type": "Direct",
        "requested": "[2.0.1, )",
        "resolved": "2.0.1",
        "contentHash": "dtxmeZXzV2GzSm91aZ3hqzgoeVoARSkDPVCYfhVUNyyKBWYxMgNC0EcLiSYxD4Uc4alq/2qb3SmV8DgAENLRLQ=="
      },
      "NHotkey.Wpf": {
        "type": "Direct",
        "requested": "[4.0.0, )",
        "resolved": "4.0.0",
        "contentHash": "ocVcoBAON/V+gUGBbAmfto+EKi2N8KcpjSjbxJaPkEzNpm9TefM8eJNji5bzdL3UreSiBtlPQ59VC9/UWQ5JIw==",
        "dependencies": {
          "NHotkey": "4.0.0"
        }
      },
      "NHotkey": {
        "type": "Transitive",
        "resolved": "4.0.0",
        "contentHash": "5HKzttVKWeKoDQKJd3+J7Dy1MW6gbNNYfftkVufe2ddFQD0kXjnT1IN3ZJBfF6QVEQmHpQSp+/PT7Jo2YyHFcw=="
      },
      "vantrelingo.core": {
        "type": "Project"
      }
    },
    "net10.0-windows10.0.19041/win-x64": {}
  }
}